// !$*UTF8*$!
{
	archiveVersion = 1;
	classes = {
	};
	objectVersion = 50;
	objects = {

/* Begin PBXBuildFile section */
		39C5A1D5265AB924004F54E1 /* AppDelegate.swift in Sources */ = {isa = PBXBuildFile; fileRef = 39C5A1D4265AB924004F54E1 /* AppDelegate.swift */; };
		39C5A1DE265AB925004F54E1 /* Assets.xcassets in Resources */ = {isa = PBXBuildFile; fileRef = 39C5A1DD265AB925004F54E1 /* Assets.xcassets */; };
		39C5A1E1265AB925004F54E1 /* LaunchScreen.storyboard in Resources */ = {isa = PBXBuildFile; fileRef = 39C5A1DF265AB925004F54E1 /* LaunchScreen.storyboard */; };
		39C5A1EC265AB925004F54E1 /* OpahGitTests.swift in Sources */ = {isa = PBXBuildFile; fileRef = 39C5A1EB265AB925004F54E1 /* OpahGitTests.swift */; };
		39C5A1F7265AB925004F54E1 /* OpahGitUITests.swift in Sources */ = {isa = PBXBuildFile; fileRef = 39C5A1F6265AB925004F54E1 /* OpahGitUITests.swift */; };
		39C5A206265ABAA6004F54E1 /* OpahApiSetupProtocol.swift in Sources */ = {isa = PBXBuildFile; fileRef = 39C5A205265ABAA6004F54E1 /* OpahApiSetupProtocol.swift */; };
		39C5A208265ABD2C004F54E1 /* OpahUsersListServiceSetup.swift in Sources */ = {isa = PBXBuildFile; fileRef = 39C5A207265ABD2C004F54E1 /* OpahUsersListServiceSetup.swift */; };
		39C5A20A265ABEA0004F54E1 /* Constants.swift in Sources */ = {isa = PBXBuildFile; fileRef = 39C5A209265ABEA0004F54E1 /* Constants.swift */; };
		39C5A20E265AC074004F54E1 /* OpahUserReposServiceSetup.swift in Sources */ = {isa = PBXBuildFile; fileRef = 39C5A20D265AC074004F54E1 /* OpahUserReposServiceSetup.swift */; };
		39C5A210265AF734004F54E1 /* OpahApiError.swift in Sources */ = {isa = PBXBuildFile; fileRef = 39C5A20F265AF734004F54E1 /* OpahApiError.swift */; };
		39C5A212265AF7B7004F54E1 /* OpahApiRequest.swift in Sources */ = {isa = PBXBuildFile; fileRef = 39C5A211265AF7B7004F54E1 /* OpahApiRequest.swift */; };
		39C5A216265AFCD8004F54E1 /* AppRouter.swift in Sources */ = {isa = PBXBuildFile; fileRef = 39C5A215265AFCD8004F54E1 /* AppRouter.swift */; };
		39C5A21A265AFD89004F54E1 /* OpahUsersListView.swift in Sources */ = {isa = PBXBuildFile; fileRef = 39C5A219265AFD89004F54E1 /* OpahUsersListView.swift */; };
		39C5A21C265AFE80004F54E1 /* BaseViewController.swift in Sources */ = {isa = PBXBuildFile; fileRef = 39C5A21B265AFE80004F54E1 /* BaseViewController.swift */; };
		39C5A21F265B004F004F54E1 /* OpahUsersListDefinitions.swift in Sources */ = {isa = PBXBuildFile; fileRef = 39C5A21E265B004F004F54E1 /* OpahUsersListDefinitions.swift */; };
		39C5A223265B0144004F54E1 /* OpahUsersListInteractor.swift in Sources */ = {isa = PBXBuildFile; fileRef = 39C5A222265B0144004F54E1 /* OpahUsersListInteractor.swift */; };
		39C5A226265B01DD004F54E1 /* OpahUsersListPresenter.swift in Sources */ = {isa = PBXBuildFile; fileRef = 39C5A225265B01DD004F54E1 /* OpahUsersListPresenter.swift */; };
		39C5A229265B0646004F54E1 /* UsersList.swift in Sources */ = {isa = PBXBuildFile; fileRef = 39C5A228265B0646004F54E1 /* UsersList.swift */; };
		39C5A22C265B0B04004F54E1 /* OpahUsersListFactory.swift in Sources */ = {isa = PBXBuildFile; fileRef = 39C5A22B265B0B04004F54E1 /* OpahUsersListFactory.swift */; };
		39C5A22E265B18C6004F54E1 /* OpahUsersListView.xib in Resources */ = {isa = PBXBuildFile; fileRef = 39C5A22D265B18C6004F54E1 /* OpahUsersListView.xib */; };
		39C5A233265B48CE004F54E1 /* OpahUserDetailsView.xib in Resources */ = {isa = PBXBuildFile; fileRef = 39C5A232265B48CE004F54E1 /* OpahUserDetailsView.xib */; };
		39C5A235265B48E5004F54E1 /* OpahUserDetailsView.swift in Sources */ = {isa = PBXBuildFile; fileRef = 39C5A234265B48E5004F54E1 /* OpahUserDetailsView.swift */; };
		39C5A239265B4DD3004F54E1 /* OpahUserDetailsInteractor.swift in Sources */ = {isa = PBXBuildFile; fileRef = 39C5A238265B4DD3004F54E1 /* OpahUserDetailsInteractor.swift */; };
		39C5A23B265B509D004F54E1 /* UserRepos.swift in Sources */ = {isa = PBXBuildFile; fileRef = 39C5A23A265B509D004F54E1 /* UserRepos.swift */; };
		39C5A23D265B5377004F54E1 /* OpahUserDetailsPresenter.swift in Sources */ = {isa = PBXBuildFile; fileRef = 39C5A23C265B5377004F54E1 /* OpahUserDetailsPresenter.swift */; };
		39C5A23F265B5738004F54E1 /* OpahUserDetailsFactory.swift in Sources */ = {isa = PBXBuildFile; fileRef = 39C5A23E265B5738004F54E1 /* OpahUserDetailsFactory.swift */; };
/* End PBXBuildFile section */

/* Begin PBXContainerItemProxy section */
		39C5A1E8265AB925004F54E1 /* PBXContainerItemProxy */ = {
			isa = PBXContainerItemProxy;
			containerPortal = 39C5A1C9265AB924004F54E1 /* Project object */;
			proxyType = 1;
			remoteGlobalIDString = 39C5A1D0265AB924004F54E1;
			remoteInfo = OpahGit;
		};
		39C5A1F3265AB925004F54E1 /* PBXContainerItemProxy */ = {
			isa = PBXContainerItemProxy;
			containerPortal = 39C5A1C9265AB924004F54E1 /* Project object */;
			proxyType = 1;
			remoteGlobalIDString = 39C5A1D0265AB924004F54E1;
			remoteInfo = OpahGit;
		};
/* End PBXContainerItemProxy section */

/* Begin PBXFileReference section */
		39C5A1D1265AB924004F54E1 /* OpahGit.app */ = {isa = PBXFileReference; explicitFileType = wrapper.application; includeInIndex = 0; path = OpahGit.app; sourceTree = BUILT_PRODUCTS_DIR; };
		39C5A1D4265AB924004F54E1 /* AppDelegate.swift */ = {isa = PBXFileReference; lastKnownFileType = sourcecode.swift; path = AppDelegate.swift; sourceTree = "<group>"; };
		39C5A1DD265AB925004F54E1 /* Assets.xcassets */ = {isa = PBXFileReference; lastKnownFileType = folder.assetcatalog; path = Assets.xcassets; sourceTree = "<group>"; };
		39C5A1E0265AB925004F54E1 /* Base */ = {isa = PBXFileReference; lastKnownFileType = file.storyboard; name = Base; path = Base.lproj/LaunchScreen.storyboard; sourceTree = "<group>"; };
		39C5A1E2265AB925004F54E1 /* Info.plist */ = {isa = PBXFileReference; lastKnownFileType = text.plist.xml; path = Info.plist; sourceTree = "<group>"; };
		39C5A1E7265AB925004F54E1 /* OpahGitTests.xctest */ = {isa = PBXFileReference; explicitFileType = wrapper.cfbundle; includeInIndex = 0; path = OpahGitTests.xctest; sourceTree = BUILT_PRODUCTS_DIR; };
		39C5A1EB265AB925004F54E1 /* OpahGitTests.swift */ = {isa = PBXFileReference; lastKnownFileType = sourcecode.swift; path = OpahGitTests.swift; sourceTree = "<group>"; };
		39C5A1ED265AB925004F54E1 /* Info.plist */ = {isa = PBXFileReference; lastKnownFileType = text.plist.xml; path = Info.plist; sourceTree = "<group>"; };
		39C5A1F2265AB925004F54E1 /* OpahGitUITests.xctest */ = {isa = PBXFileReference; explicitFileType = wrapper.cfbundle; includeInIndex = 0; path = OpahGitUITests.xctest; sourceTree = BUILT_PRODUCTS_DIR; };
		39C5A1F6265AB925004F54E1 /* OpahGitUITests.swift */ = {isa = PBXFileReference; lastKnownFileType = sourcecode.swift; path = OpahGitUITests.swift; sourceTree = "<group>"; };
		39C5A1F8265AB925004F54E1 /* Info.plist */ = {isa = PBXFileReference; lastKnownFileType = text.plist.xml; path = Info.plist; sourceTree = "<group>"; };
		39C5A205265ABAA6004F54E1 /* OpahApiSetupProtocol.swift */ = {isa = PBXFileReference; lastKnownFileType = sourcecode.swift; path = OpahApiSetupProtocol.swift; sourceTree = "<group>"; };
		39C5A207265ABD2C004F54E1 /* OpahUsersListServiceSetup.swift */ = {isa = PBXFileReference; lastKnownFileType = sourcecode.swift; path = OpahUsersListServiceSetup.swift; sourceTree = "<group>"; };
		39C5A209265ABEA0004F54E1 /* Constants.swift */ = {isa = PBXFileReference; lastKnownFileType = sourcecode.swift; path = Constants.swift; sourceTree = "<group>"; };
		39C5A20D265AC074004F54E1 /* OpahUserReposServiceSetup.swift */ = {isa = PBXFileReference; lastKnownFileType = sourcecode.swift; path = OpahUserReposServiceSetup.swift; sourceTree = "<group>"; };
		39C5A20F265AF734004F54E1 /* OpahApiError.swift */ = {isa = PBXFileReference; lastKnownFileType = sourcecode.swift; path = OpahApiError.swift; sourceTree = "<group>"; };
		39C5A211265AF7B7004F54E1 /* OpahApiRequest.swift */ = {isa = PBXFileReference; lastKnownFileType = sourcecode.swift; path = OpahApiRequest.swift; sourceTree = "<group>"; };
		39C5A215265AFCD8004F54E1 /* AppRouter.swift */ = {isa = PBXFileReference; lastKnownFileType = sourcecode.swift; path = AppRouter.swift; sourceTree = "<group>"; };
		39C5A219265AFD89004F54E1 /* OpahUsersListView.swift */ = {isa = PBXFileReference; lastKnownFileType = sourcecode.swift; path = OpahUsersListView.swift; sourceTree = "<group>"; };
		39C5A21B265AFE80004F54E1 /* BaseViewController.swift */ = {isa = PBXFileReference; lastKnownFileType = sourcecode.swift; path = BaseViewController.swift; sourceTree = "<group>"; };
		39C5A21E265B004F004F54E1 /* OpahUsersListDefinitions.swift */ = {isa = PBXFileReference; lastKnownFileType = sourcecode.swift; path = OpahUsersListDefinitions.swift; sourceTree = "<group>"; };
		39C5A222265B0144004F54E1 /* OpahUsersListInteractor.swift */ = {isa = PBXFileReference; lastKnownFileType = sourcecode.swift; path = OpahUsersListInteractor.swift; sourceTree = "<group>"; };
		39C5A225265B01DD004F54E1 /* OpahUsersListPresenter.swift */ = {isa = PBXFileReference; lastKnownFileType = sourcecode.swift; path = OpahUsersListPresenter.swift; sourceTree = "<group>"; };
		39C5A228265B0646004F54E1 /* UsersList.swift */ = {isa = PBXFileReference; lastKnownFileType = sourcecode.swift; path = UsersList.swift; sourceTree = "<group>"; };
		39C5A22B265B0B04004F54E1 /* OpahUsersListFactory.swift */ = {isa = PBXFileReference; lastKnownFileType = sourcecode.swift; path = OpahUsersListFactory.swift; sourceTree = "<group>"; };
		39C5A22D265B18C6004F54E1 /* OpahUsersListView.xib */ = {isa = PBXFileReference; lastKnownFileType = file.xib; path = OpahUsersListView.xib; sourceTree = "<group>"; };
		39C5A232265B48CE004F54E1 /* OpahUserDetailsView.xib */ = {isa = PBXFileReference; lastKnownFileType = file.xib; path = OpahUserDetailsView.xib; sourceTree = "<group>"; };
		39C5A234265B48E5004F54E1 /* OpahUserDetailsView.swift */ = {isa = PBXFileReference; lastKnownFileType = sourcecode.swift; path = OpahUserDetailsView.swift; sourceTree = "<group>"; };
		39C5A238265B4DD3004F54E1 /* OpahUserDetailsInteractor.swift */ = {isa = PBXFileReference; lastKnownFileType = sourcecode.swift; path = OpahUserDetailsInteractor.swift; sourceTree = "<group>"; };
		39C5A23A265B509D004F54E1 /* UserRepos.swift */ = {isa = PBXFileReference; lastKnownFileType = sourcecode.swift; path = UserRepos.swift; sourceTree = "<group>"; };
		39C5A23C265B5377004F54E1 /* OpahUserDetailsPresenter.swift */ = {isa = PBXFileReference; lastKnownFileType = sourcecode.swift; path = OpahUserDetailsPresenter.swift; sourceTree = "<group>"; };
		39C5A23E265B5738004F54E1 /* OpahUserDetailsFactory.swift */ = {isa = PBXFileReference; lastKnownFileType = sourcecode.swift; path = OpahUserDetailsFactory.swift; sourceTree = "<group>"; };
/* End PBXFileReference section */

/* Begin PBXFrameworksBuildPhase section */
		39C5A1CE265AB924004F54E1 /* Frameworks */ = {
			isa = PBXFrameworksBuildPhase;
			buildActionMask = 2147483647;
			files = (
			);
			runOnlyForDeploymentPostprocessing = 0;
		};
		39C5A1E4265AB925004F54E1 /* Frameworks */ = {
			isa = PBXFrameworksBuildPhase;
			buildActionMask = 2147483647;
			files = (
			);
			runOnlyForDeploymentPostprocessing = 0;
		};
		39C5A1EF265AB925004F54E1 /* Frameworks */ = {
			isa = PBXFrameworksBuildPhase;
			buildActionMask = 2147483647;
			files = (
			);
			runOnlyForDeploymentPostprocessing = 0;
		};
/* End PBXFrameworksBuildPhase section */

/* Begin PBXGroup section */
		39C5A1C8265AB924004F54E1 = {
			isa = PBXGroup;
			children = (
				39C5A1D3265AB924004F54E1 /* OpahGit */,
				39C5A1EA265AB925004F54E1 /* OpahGitTests */,
				39C5A1F5265AB925004F54E1 /* OpahGitUITests */,
				39C5A1D2265AB924004F54E1 /* Products */,
			);
			sourceTree = "<group>";
		};
		39C5A1D2265AB924004F54E1 /* Products */ = {
			isa = PBXGroup;
			children = (
				39C5A1D1265AB924004F54E1 /* OpahGit.app */,
				39C5A1E7265AB925004F54E1 /* OpahGitTests.xctest */,
				39C5A1F2265AB925004F54E1 /* OpahGitUITests.xctest */,
			);
			name = Products;
			sourceTree = "<group>";
		};
		39C5A1D3265AB924004F54E1 /* OpahGit */ = {
			isa = PBXGroup;
			children = (
				39C5A214265AFCC8004F54E1 /* Router */,
				39C5A213265AFA7D004F54E1 /* Scenes */,
				39C5A204265ABA74004F54E1 /* Network */,
				39C5A1D4265AB924004F54E1 /* AppDelegate.swift */,
				39C5A1DD265AB925004F54E1 /* Assets.xcassets */,
				39C5A1DF265AB925004F54E1 /* LaunchScreen.storyboard */,
				39C5A1E2265AB925004F54E1 /* Info.plist */,
				39C5A209265ABEA0004F54E1 /* Constants.swift */,
				39C5A21B265AFE80004F54E1 /* BaseViewController.swift */,
			);
			path = OpahGit;
			sourceTree = "<group>";
		};
		39C5A1EA265AB925004F54E1 /* OpahGitTests */ = {
			isa = PBXGroup;
			children = (
				39C5A1EB265AB925004F54E1 /* OpahGitTests.swift */,
				39C5A1ED265AB925004F54E1 /* Info.plist */,
			);
			path = OpahGitTests;
			sourceTree = "<group>";
		};
		39C5A1F5265AB925004F54E1 /* OpahGitUITests */ = {
			isa = PBXGroup;
			children = (
				39C5A1F6265AB925004F54E1 /* OpahGitUITests.swift */,
				39C5A1F8265AB925004F54E1 /* Info.plist */,
			);
			path = OpahGitUITests;
			sourceTree = "<group>";
		};
		39C5A204265ABA74004F54E1 /* Network */ = {
			isa = PBXGroup;
			children = (
				39C5A227265B0621004F54E1 /* Models */,
				39C5A205265ABAA6004F54E1 /* OpahApiSetupProtocol.swift */,
				39C5A207265ABD2C004F54E1 /* OpahUsersListServiceSetup.swift */,
				39C5A20D265AC074004F54E1 /* OpahUserReposServiceSetup.swift */,
				39C5A20F265AF734004F54E1 /* OpahApiError.swift */,
				39C5A211265AF7B7004F54E1 /* OpahApiRequest.swift */,
			);
			path = Network;
			sourceTree = "<group>";
		};
		39C5A213265AFA7D004F54E1 /* Scenes */ = {
			isa = PBXGroup;
			children = (
				39C5A230265B4849004F54E1 /* UserDetail */,
				39C5A22F265B4830004F54E1 /* ListUsers */,
			);
			path = Scenes;
			sourceTree = "<group>";
		};
		39C5A214265AFCC8004F54E1 /* Router */ = {
			isa = PBXGroup;
			children = (
				39C5A22A265B0AE8004F54E1 /* Factories */,
				39C5A215265AFCD8004F54E1 /* AppRouter.swift */,
			);
			path = Router;
			sourceTree = "<group>";
		};
		39C5A21D265B0002004F54E1 /* View */ = {
			isa = PBXGroup;
			children = (
				39C5A219265AFD89004F54E1 /* OpahUsersListView.swift */,
				39C5A22D265B18C6004F54E1 /* OpahUsersListView.xib */,
			);
			path = View;
			sourceTree = "<group>";
		};
		39C5A221265B0127004F54E1 /* Interactor */ = {
			isa = PBXGroup;
			children = (
				39C5A222265B0144004F54E1 /* OpahUsersListInteractor.swift */,
			);
			path = Interactor;
			sourceTree = "<group>";
		};
		39C5A224265B01CD004F54E1 /* Presenter */ = {
			isa = PBXGroup;
			children = (
				39C5A225265B01DD004F54E1 /* OpahUsersListPresenter.swift */,
			);
			path = Presenter;
			sourceTree = "<group>";
		};
		39C5A227265B0621004F54E1 /* Models */ = {
			isa = PBXGroup;
			children = (
				39C5A228265B0646004F54E1 /* UsersList.swift */,
				39C5A23A265B509D004F54E1 /* UserRepos.swift */,
			);
			path = Models;
			sourceTree = "<group>";
		};
		39C5A22A265B0AE8004F54E1 /* Factories */ = {
			isa = PBXGroup;
			children = (
				39C5A22B265B0B04004F54E1 /* OpahUsersListFactory.swift */,
				39C5A23E265B5738004F54E1 /* OpahUserDetailsFactory.swift */,
			);
			path = Factories;
			sourceTree = "<group>";
		};
		39C5A22F265B4830004F54E1 /* ListUsers */ = {
			isa = PBXGroup;
			children = (
				39C5A224265B01CD004F54E1 /* Presenter */,
				39C5A221265B0127004F54E1 /* Interactor */,
				39C5A21D265B0002004F54E1 /* View */,
				39C5A21E265B004F004F54E1 /* OpahUsersListDefinitions.swift */,
			);
			path = ListUsers;
			sourceTree = "<group>";
		};
		39C5A230265B4849004F54E1 /* UserDetail */ = {
			isa = PBXGroup;
			children = (
				39C5A237265B4C21004F54E1 /* Interactor */,
				39C5A236265B4C19004F54E1 /* Presenter */,
				39C5A231265B489C004F54E1 /* View */,
			);
			path = UserDetail;
			sourceTree = "<group>";
		};
		39C5A231265B489C004F54E1 /* View */ = {
			isa = PBXGroup;
			children = (
				39C5A232265B48CE004F54E1 /* OpahUserDetailsView.xib */,
				39C5A234265B48E5004F54E1 /* OpahUserDetailsView.swift */,
			);
			path = View;
			sourceTree = "<group>";
		};
		39C5A236265B4C19004F54E1 /* Presenter */ = {
			isa = PBXGroup;
			children = (
				39C5A23C265B5377004F54E1 /* OpahUserDetailsPresenter.swift */,
			);
			path = Presenter;
			sourceTree = "<group>";
		};
		39C5A237265B4C21004F54E1 /* Interactor */ = {
			isa = PBXGroup;
			children = (
				39C5A238265B4DD3004F54E1 /* OpahUserDetailsInteractor.swift */,
			);
			path = Interactor;
			sourceTree = "<group>";
		};
/* End PBXGroup section */

/* Begin PBXNativeTarget section */
		39C5A1D0265AB924004F54E1 /* OpahGit */ = {
			isa = PBXNativeTarget;
			buildConfigurationList = 39C5A1FB265AB925004F54E1 /* Build configuration list for PBXNativeTarget "OpahGit" */;
			buildPhases = (
				39C5A1CD265AB924004F54E1 /* Sources */,
				39C5A1CE265AB924004F54E1 /* Frameworks */,
				39C5A1CF265AB924004F54E1 /* Resources */,
			);
			buildRules = (
			);
			dependencies = (
			);
			name = OpahGit;
			productName = OpahGit;
			productReference = 39C5A1D1265AB924004F54E1 /* OpahGit.app */;
			productType = "com.apple.product-type.application";
		};
		39C5A1E6265AB925004F54E1 /* OpahGitTests */ = {
			isa = PBXNativeTarget;
			buildConfigurationList = 39C5A1FE265AB925004F54E1 /* Build configuration list for PBXNativeTarget "OpahGitTests" */;
			buildPhases = (
				39C5A1E3265AB925004F54E1 /* Sources */,
				39C5A1E4265AB925004F54E1 /* Frameworks */,
				39C5A1E5265AB925004F54E1 /* Resources */,
			);
			buildRules = (
			);
			dependencies = (
				39C5A1E9265AB925004F54E1 /* PBXTargetDependency */,
			);
			name = OpahGitTests;
			productName = OpahGitTests;
			productReference = 39C5A1E7265AB925004F54E1 /* OpahGitTests.xctest */;
			productType = "com.apple.product-type.bundle.unit-test";
		};
		39C5A1F1265AB925004F54E1 /* OpahGitUITests */ = {
			isa = PBXNativeTarget;
			buildConfigurationList = 39C5A201265AB925004F54E1 /* Build configuration list for PBXNativeTarget "OpahGitUITests" */;
			buildPhases = (
				39C5A1EE265AB925004F54E1 /* Sources */,
				39C5A1EF265AB925004F54E1 /* Frameworks */,
				39C5A1F0265AB925004F54E1 /* Resources */,
			);
			buildRules = (
			);
			dependencies = (
				39C5A1F4265AB925004F54E1 /* PBXTargetDependency */,
			);
			name = OpahGitUITests;
			productName = OpahGitUITests;
			productReference = 39C5A1F2265AB925004F54E1 /* OpahGitUITests.xctest */;
			productType = "com.apple.product-type.bundle.ui-testing";
		};
/* End PBXNativeTarget section */

/* Begin PBXProject section */
		39C5A1C9265AB924004F54E1 /* Project object */ = {
			isa = PBXProject;
			attributes = {
				LastSwiftUpdateCheck = 1250;
				LastUpgradeCheck = 1250;
				TargetAttributes = {
					39C5A1D0265AB924004F54E1 = {
						CreatedOnToolsVersion = 12.5;
					};
					39C5A1E6265AB925004F54E1 = {
						CreatedOnToolsVersion = 12.5;
						TestTargetID = 39C5A1D0265AB924004F54E1;
					};
					39C5A1F1265AB925004F54E1 = {
						CreatedOnToolsVersion = 12.5;
						TestTargetID = 39C5A1D0265AB924004F54E1;
					};
				};
			};
			buildConfigurationList = 39C5A1CC265AB924004F54E1 /* Build configuration list for PBXProject "OpahGit" */;
			compatibilityVersion = "Xcode 9.3";
			developmentRegion = en;
			hasScannedForEncodings = 0;
			knownRegions = (
				en,
				Base,
			);
			mainGroup = 39C5A1C8265AB924004F54E1;
			productRefGroup = 39C5A1D2265AB924004F54E1 /* Products */;
			projectDirPath = "";
			projectRoot = "";
			targets = (
				39C5A1D0265AB924004F54E1 /* OpahGit */,
				39C5A1E6265AB925004F54E1 /* OpahGitTests */,
				39C5A1F1265AB925004F54E1 /* OpahGitUITests */,
			);
		};
/* End PBXProject section */

/* Begin PBXResourcesBuildPhase section */
		39C5A1CF265AB924004F54E1 /* Resources */ = {
			isa = PBXResourcesBuildPhase;
			buildActionMask = 2147483647;
			files = (
				39C5A233265B48CE004F54E1 /* OpahUserDetailsView.xib in Resources */,
				39C5A1E1265AB925004F54E1 /* LaunchScreen.storyboard in Resources */,
				39C5A22E265B18C6004F54E1 /* OpahUsersListView.xib in Resources */,
				39C5A1DE265AB925004F54E1 /* Assets.xcassets in Resources */,
			);
			runOnlyForDeploymentPostprocessing = 0;
		};
		39C5A1E5265AB925004F54E1 /* Resources */ = {
			isa = PBXResourcesBuildPhase;
			buildActionMask = 2147483647;
			files = (
			);
			runOnlyForDeploymentPostprocessing = 0;
		};
		39C5A1F0265AB925004F54E1 /* Resources */ = {
			isa = PBXResourcesBuildPhase;
			buildActionMask = 2147483647;
			files = (
			);
			runOnlyForDeploymentPostprocessing = 0;
		};
/* End PBXResourcesBuildPhase section */

/* Begin PBXSourcesBuildPhase section */
		39C5A1CD265AB924004F54E1 /* Sources */ = {
			isa = PBXSourcesBuildPhase;
			buildActionMask = 2147483647;
			files = (
				39C5A23F265B5738004F54E1 /* OpahUserDetailsFactory.swift in Sources */,
				39C5A21C265AFE80004F54E1 /* BaseViewController.swift in Sources */,
				39C5A226265B01DD004F54E1 /* OpahUsersListPresenter.swift in Sources */,
				39C5A223265B0144004F54E1 /* OpahUsersListInteractor.swift in Sources */,
				39C5A210265AF734004F54E1 /* OpahApiError.swift in Sources */,
				39C5A206265ABAA6004F54E1 /* OpahApiSetupProtocol.swift in Sources */,
				39C5A1D5265AB924004F54E1 /* AppDelegate.swift in Sources */,
				39C5A239265B4DD3004F54E1 /* OpahUserDetailsInteractor.swift in Sources */,
				39C5A23D265B5377004F54E1 /* OpahUserDetailsPresenter.swift in Sources */,
				39C5A21F265B004F004F54E1 /* OpahUsersListDefinitions.swift in Sources */,
				39C5A212265AF7B7004F54E1 /* OpahApiRequest.swift in Sources */,
				39C5A229265B0646004F54E1 /* UsersList.swift in Sources */,
				39C5A20E265AC074004F54E1 /* OpahUserReposServiceSetup.swift in Sources */,
				39C5A216265AFCD8004F54E1 /* AppRouter.swift in Sources */,
				39C5A208265ABD2C004F54E1 /* OpahUsersListServiceSetup.swift in Sources */,
				39C5A23B265B509D004F54E1 /* UserRepos.swift in Sources */,
				39C5A235265B48E5004F54E1 /* OpahUserDetailsView.swift in Sources */,
				39C5A21A265AFD89004F54E1 /* OpahUsersListView.swift in Sources */,
				39C5A20A265ABEA0004F54E1 /* Constants.swift in Sources */,
				39C5A22C265B0B04004F54E1 /* OpahUsersListFactory.swift in Sources */,
			);
			runOnlyForDeploymentPostprocessing = 0;
		};
		39C5A1E3265AB925004F54E1 /* Sources */ = {
			isa = PBXSourcesBuildPhase;
			buildActionMask = 2147483647;
			files = (
				39C5A1EC265AB925004F54E1 /* OpahGitTests.swift in Sources */,
			);
			runOnlyForDeploymentPostprocessing = 0;
		};
		39C5A1EE265AB925004F54E1 /* Sources */ = {
			isa = PBXSourcesBuildPhase;
			buildActionMask = 2147483647;
			files = (
				39C5A1F7265AB925004F54E1 /* OpahGitUITests.swift in Sources */,
			);
			runOnlyForDeploymentPostprocessing = 0;
		};
/* End PBXSourcesBuildPhase section */

/* Begin PBXTargetDependency section */
		39C5A1E9265AB925004F54E1 /* PBXTargetDependency */ = {
			isa = PBXTargetDependency;
			target = 39C5A1D0265AB924004F54E1 /* OpahGit */;
			targetProxy = 39C5A1E8265AB925004F54E1 /* PBXContainerItemProxy */;
		};
		39C5A1F4265AB925004F54E1 /* PBXTargetDependency */ = {
			isa = PBXTargetDependency;
			target = 39C5A1D0265AB924004F54E1 /* OpahGit */;
			targetProxy = 39C5A1F3265AB925004F54E1 /* PBXContainerItemProxy */;
		};
/* End PBXTargetDependency section */

/* Begin PBXVariantGroup section */
		39C5A1DF265AB925004F54E1 /* LaunchScreen.storyboard */ = {
			isa = PBXVariantGroup;
			children = (
				39C5A1E0265AB925004F54E1 /* Base */,
			);
			name = LaunchScreen.storyboard;
			sourceTree = "<group>";
		};
/* End PBXVariantGroup section */

/* Begin XCBuildConfiguration section */
		39C5A1F9265AB925004F54E1 /* Debug */ = {
			isa = XCBuildConfiguration;
			buildSettings = {
				ALWAYS_SEARCH_USER_PATHS = NO;
				CLANG_ANALYZER_NONNULL = YES;
				CLANG_ANALYZER_NUMBER_OBJECT_CONVERSION = YES_AGGRESSIVE;
				CLANG_CXX_LANGUAGE_STANDARD = "gnu++14";
				CLANG_CXX_LIBRARY = "libc++";
				CLANG_ENABLE_MODULES = YES;
				CLANG_ENABLE_OBJC_ARC = YES;
				CLANG_ENABLE_OBJC_WEAK = YES;
				CLANG_WARN_BLOCK_CAPTURE_AUTORELEASING = YES;
				CLANG_WARN_BOOL_CONVERSION = YES;
				CLANG_WARN_COMMA = YES;
				CLANG_WARN_CONSTANT_CONVERSION = YES;
				CLANG_WARN_DEPRECATED_OBJC_IMPLEMENTATIONS = YES;
				CLANG_WARN_DIRECT_OBJC_ISA_USAGE = YES_ERROR;
				CLANG_WARN_DOCUMENTATION_COMMENTS = YES;
				CLANG_WARN_EMPTY_BODY = YES;
				CLANG_WARN_ENUM_CONVERSION = YES;
				CLANG_WARN_INFINITE_RECURSION = YES;
				CLANG_WARN_INT_CONVERSION = YES;
				CLANG_WARN_NON_LITERAL_NULL_CONVERSION = YES;
				CLANG_WARN_OBJC_IMPLICIT_RETAIN_SELF = YES;
				CLANG_WARN_OBJC_LITERAL_CONVERSION = YES;
				CLANG_WARN_OBJC_ROOT_CLASS = YES_ERROR;
				CLANG_WARN_QUOTED_INCLUDE_IN_FRAMEWORK_HEADER = YES;
				CLANG_WARN_RANGE_LOOP_ANALYSIS = YES;
				CLANG_WARN_STRICT_PROTOTYPES = YES;
				CLANG_WARN_SUSPICIOUS_MOVE = YES;
				CLANG_WARN_UNGUARDED_AVAILABILITY = YES_AGGRESSIVE;
				CLANG_WARN_UNREACHABLE_CODE = YES;
				CLANG_WARN__DUPLICATE_METHOD_MATCH = YES;
				COPY_PHASE_STRIP = NO;
				DEBUG_INFORMATION_FORMAT = dwarf;
				ENABLE_STRICT_OBJC_MSGSEND = YES;
				ENABLE_TESTABILITY = YES;
				GCC_C_LANGUAGE_STANDARD = gnu11;
				GCC_DYNAMIC_NO_PIC = NO;
				GCC_NO_COMMON_BLOCKS = YES;
				GCC_OPTIMIZATION_LEVEL = 0;
				GCC_PREPROCESSOR_DEFINITIONS = (
					"DEBUG=1",
					"$(inherited)",
				);
				GCC_WARN_64_TO_32_BIT_CONVERSION = YES;
				GCC_WARN_ABOUT_RETURN_TYPE = YES_ERROR;
				GCC_WARN_UNDECLARED_SELECTOR = YES;
				GCC_WARN_UNINITIALIZED_AUTOS = YES_AGGRESSIVE;
				GCC_WARN_UNUSED_FUNCTION = YES;
				GCC_WARN_UNUSED_VARIABLE = YES;
				IPHONEOS_DEPLOYMENT_TARGET = 14.5;
				MTL_ENABLE_DEBUG_INFO = INCLUDE_SOURCE;
				MTL_FAST_MATH = YES;
				ONLY_ACTIVE_ARCH = YES;
				SDKROOT = iphoneos;
				SWIFT_ACTIVE_COMPILATION_CONDITIONS = DEBUG;
				SWIFT_OPTIMIZATION_LEVEL = "-Onone";
			};
			name = Debug;
		};
		39C5A1FA265AB925004F54E1 /* Release */ = {
			isa = XCBuildConfiguration;
			buildSettings = {
				ALWAYS_SEARCH_USER_PATHS = NO;
				CLANG_ANALYZER_NONNULL = YES;
				CLANG_ANALYZER_NUMBER_OBJECT_CONVERSION = YES_AGGRESSIVE;
				CLANG_CXX_LANGUAGE_STANDARD = "gnu++14";
				CLANG_CXX_LIBRARY = "libc++";
				CLANG_ENABLE_MODULES = YES;
				CLANG_ENABLE_OBJC_ARC = YES;
				CLANG_ENABLE_OBJC_WEAK = YES;
				CLANG_WARN_BLOCK_CAPTURE_AUTORELEASING = YES;
				CLANG_WARN_BOOL_CONVERSION = YES;
				CLANG_WARN_COMMA = YES;
				CLANG_WARN_CONSTANT_CONVERSION = YES;
				CLANG_WARN_DEPRECATED_OBJC_IMPLEMENTATIONS = YES;
				CLANG_WARN_DIRECT_OBJC_ISA_USAGE = YES_ERROR;
				CLANG_WARN_DOCUMENTATION_COMMENTS = YES;
				CLANG_WARN_EMPTY_BODY = YES;
				CLANG_WARN_ENUM_CONVERSION = YES;
				CLANG_WARN_INFINITE_RECURSION = YES;
				CLANG_WARN_INT_CONVERSION = YES;
				CLANG_WARN_NON_LITERAL_NULL_CONVERSION = YES;
				CLANG_WARN_OBJC_IMPLICIT_RETAIN_SELF = YES;
				CLANG_WARN_OBJC_LITERAL_CONVERSION = YES;
				CLANG_WARN_OBJC_ROOT_CLASS = YES_ERROR;
				CLANG_WARN_QUOTED_INCLUDE_IN_FRAMEWORK_HEADER = YES;
				CLANG_WARN_RANGE_LOOP_ANALYSIS = YES;
				CLANG_WARN_STRICT_PROTOTYPES = YES;
				CLANG_WARN_SUSPICIOUS_MOVE = YES;
				CLANG_WARN_UNGUARDED_AVAILABILITY = YES_AGGRESSIVE;
				CLANG_WARN_UNREACHABLE_CODE = YES;
				CLANG_WARN__DUPLICATE_METHOD_MATCH = YES;
				COPY_PHASE_STRIP = NO;
				DEBUG_INFORMATION_FORMAT = "dwarf-with-dsym";
				ENABLE_NS_ASSERTIONS = NO;
				ENABLE_STRICT_OBJC_MSGSEND = YES;
				GCC_C_LANGUAGE_STANDARD = gnu11;
				GCC_NO_COMMON_BLOCKS = YES;
				GCC_WARN_64_TO_32_BIT_CONVERSION = YES;
				GCC_WARN_ABOUT_RETURN_TYPE = YES_ERROR;
				GCC_WARN_UNDECLARED_SELECTOR = YES;
				GCC_WARN_UNINITIALIZED_AUTOS = YES_AGGRESSIVE;
				GCC_WARN_UNUSED_FUNCTION = YES;
				GCC_WARN_UNUSED_VARIABLE = YES;
				IPHONEOS_DEPLOYMENT_TARGET = 14.5;
				MTL_ENABLE_DEBUG_INFO = NO;
				MTL_FAST_MATH = YES;
				SDKROOT = iphoneos;
				SWIFT_COMPILATION_MODE = wholemodule;
				SWIFT_OPTIMIZATION_LEVEL = "-O";
				VALIDATE_PRODUCT = YES;
			};
			name = Release;
		};
		39C5A1FC265AB925004F54E1 /* Debug */ = {
			isa = XCBuildConfiguration;
			buildSettings = {
				ASSETCATALOG_COMPILER_APPICON_NAME = AppIcon;
				ASSETCATALOG_COMPILER_GLOBAL_ACCENT_COLOR_NAME = AccentColor;
				CODE_SIGN_STYLE = Automatic;
				DEVELOPMENT_TEAM = C247LTFS54;
				INFOPLIST_FILE = OpahGit/Info.plist;
				LD_RUNPATH_SEARCH_PATHS = (
					"$(inherited)",
					"@executable_path/Frameworks",
				);
				PRODUCT_BUNDLE_IDENTIFIER = br.com.thiagosantiago.OpahGit;
				PRODUCT_NAME = "$(TARGET_NAME)";
				SWIFT_VERSION = 5.0;
				TARGETED_DEVICE_FAMILY = "1,2";
			};
			name = Debug;
		};
		39C5A1FD265AB925004F54E1 /* Release */ = {
			isa = XCBuildConfiguration;
			buildSettings = {
				ASSETCATALOG_COMPILER_APPICON_NAME = AppIcon;
				ASSETCATALOG_COMPILER_GLOBAL_ACCENT_COLOR_NAME = AccentColor;
				CODE_SIGN_STYLE = Automatic;
				DEVELOPMENT_TEAM = C247LTFS54;
				INFOPLIST_FILE = OpahGit/Info.plist;
				LD_RUNPATH_SEARCH_PATHS = (
					"$(inherited)",
					"@executable_path/Frameworks",
				);
				PRODUCT_BUNDLE_IDENTIFIER = br.com.thiagosantiago.OpahGit;
				PRODUCT_NAME = "$(TARGET_NAME)";
				SWIFT_VERSION = 5.0;
				TARGETED_DEVICE_FAMILY = "1,2";
			};
			name = Release;
		};
		39C5A1FF265AB925004F54E1 /* Debug */ = {
			isa = XCBuildConfiguration;
			buildSettings = {
				ALWAYS_EMBED_SWIFT_STANDARD_LIBRARIES = YES;
				BUNDLE_LOADER = "$(TEST_HOST)";
				CODE_SIGN_STYLE = Automatic;
				DEVELOPMENT_TEAM = C247LTFS54;
				INFOPLIST_FILE = OpahGitTests/Info.plist;
				IPHONEOS_DEPLOYMENT_TARGET = 14.5;
				LD_RUNPATH_SEARCH_PATHS = (
					"$(inherited)",
					"@executable_path/Frameworks",
					"@loader_path/Frameworks",
				);
				PRODUCT_BUNDLE_IDENTIFIER = br.com.thiagosantiago.OpahGitTests;
				PRODUCT_NAME = "$(TARGET_NAME)";
				SWIFT_VERSION = 5.0;
				TARGETED_DEVICE_FAMILY = "1,2";
				TEST_HOST = "$(BUILT_PRODUCTS_DIR)/OpahGit.app/OpahGit";
			};
			name = Debug;
		};
		39C5A200265AB925004F54E1 /* Release */ = {
			isa = XCBuildConfiguration;
			buildSettings = {
				ALWAYS_EMBED_SWIFT_STANDARD_LIBRARIES = YES;
				BUNDLE_LOADER = "$(TEST_HOST)";
				CODE_SIGN_STYLE = Automatic;
				DEVELOPMENT_TEAM = C247LTFS54;
				INFOPLIST_FILE = OpahGitTests/Info.plist;
				IPHONEOS_DEPLOYMENT_TARGET = 14.5;
				LD_RUNPATH_SEARCH_PATHS = (
					"$(inherited)",
					"@executable_path/Frameworks",
					"@loader_path/Frameworks",
				);
				PRODUCT_BUNDLE_IDENTIFIER = br.com.thiagosantiago.OpahGitTests;
				PRODUCT_NAME = "$(TARGET_NAME)";
				SWIFT_VERSION = 5.0;
				TARGETED_DEVICE_FAMILY = "1,2";
				TEST_HOST = "$(BUILT_PRODUCTS_DIR)/OpahGit.app/OpahGit";
			};
			name = Release;
		};
		39C5A202265AB925004F54E1 /* Debug */ = {
			isa = XCBuildConfiguration;
			buildSettings = {
				ALWAYS_EMBED_SWIFT_STANDARD_LIBRARIES = YES;
				CODE_SIGN_STYLE = Automatic;
				DEVELOPMENT_TEAM = C247LTFS54;
				INFOPLIST_FILE = OpahGitUITests/Info.plist;
				LD_RUNPATH_SEARCH_PATHS = (
					"$(inherited)",
					"@executable_path/Frameworks",
					"@loader_path/Frameworks",
				);
				PRODUCT_BUNDLE_IDENTIFIER = br.com.thiagosantiago.OpahGitUITests;
				PRODUCT_NAME = "$(TARGET_NAME)";
				SWIFT_VERSION = 5.0;
				TARGETED_DEVICE_FAMILY = "1,2";
				TEST_TARGET_NAME = OpahGit;
			};
			name = Debug;
		};
		39C5A203265AB925004F54E1 /* Release */ = {
			isa = XCBuildConfiguration;
			buildSettings = {
				ALWAYS_EMBED_SWIFT_STANDARD_LIBRARIES = YES;
				CODE_SIGN_STYLE = Automatic;
				DEVELOPMENT_TEAM = C247LTFS54;
				INFOPLIST_FILE = OpahGitUITests/Info.plist;
				LD_RUNPATH_SEARCH_PATHS = (
					"$(inherited)",
					"@executable_path/Frameworks",
					"@loader_path/Frameworks",
				);
				PRODUCT_BUNDLE_IDENTIFIER = br.com.thiagosantiago.OpahGitUITests;
				PRODUCT_NAME = "$(TARGET_NAME)";
				SWIFT_VERSION = 5.0;
				TARGETED_DEVICE_FAMILY = "1,2";
				TEST_TARGET_NAME = OpahGit;
			};
			name = Release;
		};
/* End XCBuildConfiguration section */

/* Begin XCConfigurationList section */
		39C5A1CC265AB924004F54E1 /* Build configuration list for PBXProject "OpahGit" */ = {
			isa = XCConfigurationList;
			buildConfigurations = (
				39C5A1F9265AB925004F54E1 /* Debug */,
				39C5A1FA265AB925004F54E1 /* Release */,
			);
			defaultConfigurationIsVisible = 0;
			defaultConfigurationName = Release;
		};
		39C5A1FB265AB925004F54E1 /* Build configuration list for PBXNativeTarget "OpahGit" */ = {
			isa = XCConfigurationList;
			buildConfigurations = (
				39C5A1FC265AB925004F54E1 /* Debug */,
				39C5A1FD265AB925004F54E1 /* Release */,
			);
			defaultConfigurationIsVisible = 0;
			defaultConfigurationName = Release;
		};
		39C5A1FE265AB925004F54E1 /* Build configuration list for PBXNativeTarget "OpahGitTests" */ = {
			isa = XCConfigurationList;
			buildConfigurations = (
				39C5A1FF265AB925004F54E1 /* Debug */,
				39C5A200265AB925004F54E1 /* Release */,
			);
			defaultConfigurationIsVisible = 0;
			defaultConfigurationName = Release;
		};
		39C5A201265AB925004F54E1 /* Build configuration list for PBXNativeTarget "OpahGitUITests" */ = {
			isa = XCConfigurationList;
			buildConfigurations = (
				39C5A202265AB925004F54E1 /* Debug */,
				39C5A203265AB925004F54E1 /* Release */,
			);
			defaultConfigurationIsVisible = 0;
			defaultConfigurationName = Release;
		};
/* End XCConfigurationList section */
	};
	rootObject = 39C5A1C9265AB924004F54E1 /* Project object */;
}
